<?xml version="1.0" encoding="utf-8"?>
<Project ToolsVersion="4.0" xmlns="http://schemas.microsoft.com/developer/msbuild/2003">
  <ItemGroup>
    <Filter Include="Source Files">
      <UniqueIdentifier>{4FC737F1-C7A5-4376-A066-2A32D752A2FF}</UniqueIdentifier>
      <Extensions>cpp;c;cc;cxx;def;odl;idl;hpj;bat;asm;asmx</Extensions>
    </Filter>
    <Filter Include="Header Files">
      <UniqueIdentifier>{93995380-89BD-4b04-88EB-625FBE52EBFB}</UniqueIdentifier>
      <Extensions>h;hh;hpp;hxx;hm;inl;inc;xsd</Extensions>
    </Filter>
    <Filter Include="Resource Files">
      <UniqueIdentifier>{67DA6AB6-F800-4c08-8B7A-83BB121AAD01}</UniqueIdentifier>
      <Extensions>rc;ico;cur;bmp;dlg;rc2;rct;bin;rgs;gif;jpg;jpeg;jpe;resx;tiff;tif;png;wav;mfcribbon-ms</Extensions>
    </Filter>
    <Filter Include="Arc">
      <UniqueIdentifier>{0e04327c-994e-4500-9399-b128cc46fcc5}</UniqueIdentifier>
    </Filter>
    <Filter Include="NewCode">
      <UniqueIdentifier>{4c803c67-eda0-4bc3-ba1a-de6f0f73101d}</UniqueIdentifier>
    </Filter>
    <Filter Include="Libraries">
      <UniqueIdentifier>{abf66b0d-8ae6-4925-8b8a-1a190192ae5f}</UniqueIdentifier>
    </Filter>
  </ItemGroup>
  <ItemGroup>
    <Image Include="icon1.ico">
      <Filter>Resource Files</Filter>
    </Image>
  </ItemGroup>
  <ItemGroup>
    <ClCompile Include="3DBars.cpp">
      <Filter>Source Files</Filter>
    </ClCompile>
    <ClCompile Include="3DGraph.cpp">
      <Filter>Source Files</Filter>
    </ClCompile>
    <ClCompile Include="3DMapEd.cpp">
      <Filter>Source Files</Filter>
    </ClCompile>
    <ClCompile Include="3DRandMap.cpp">
      <Filter>Source Files</Filter>
    </ClCompile>
    <ClCompile Include="3DSurf.cpp">
      <Filter>Source Files</Filter>
    </ClCompile>
    <ClCompile Include="ActiveScenary.cpp">
      <Filter>Source Files</Filter>
    </ClCompile>
    <ClCompile Include="ActiveZone.cpp">
      <Filter>Source Files</Filter>
    </ClCompile>
    <ClCompile Include="AntiBug.cpp">
      <Filter>Source Files</Filter>
    </ClCompile>
    <ClCompile Include="ArchTool.cpp">
      <Filter>Source Files</Filter>
    </ClCompile>
    <ClCompile Include="bmptool.cpp">
      <Filter>Source Files</Filter>
    </ClCompile>
    <ClCompile Include="Brigade.cpp">
      <Filter>Source Files</Filter>
    </ClCompile>
    <ClCompile Include="Build.cpp">
      <Filter>Source Files</Filter>
    </ClCompile>
    <ClCompile Include="Cdirsnd.cpp">
      <Filter>Source Files</Filter>
    </ClCompile>
    <ClCompile Include="Chkinet.cpp">
      <Filter>Source Files</Filter>
    </ClCompile>
    <ClCompile Include="ConstStr.cpp">
      <Filter>Source Files</Filter>
    </ClCompile>
    <ClCompile Include="Cwave.cpp">
      <Filter>Source Files</Filter>
    </ClCompile>
    <ClCompile Include="Danger.cpp">
      <Filter>Source Files</Filter>
    </ClCompile>
    <ClCompile Include="Ddex1.cpp">
      <Filter>Source Files</Filter>
    </ClCompile>
    <ClCompile Include="Ddini.cpp">
      <Filter>Source Files</Filter>
    </ClCompile>
    <ClCompile Include="DeviceCD.cpp">
      <Filter>Source Files</Filter>
    </ClCompile>
    <ClCompile Include="Dialogs.cpp">
      <Filter>Source Files</Filter>
    </ClCompile>
    <ClCompile Include="DrawForms.cpp">
      <Filter>Source Files</Filter>
    </ClCompile>
    <ClCompile Include="Economy.cpp">
      <Filter>Source Files</Filter>
    </ClCompile>
    <ClCompile Include="EinfoClass.cpp">
      <Filter>Source Files</Filter>
    </ClCompile>
    <ClCompile Include="ExConst.cpp">
      <Filter>Source Files</Filter>
    </ClCompile>
    <ClCompile Include="Fastdraw.cpp">
      <Filter>Source Files</Filter>
    </ClCompile>
    <ClCompile Include="fog.cpp">
      <Filter>Source Files</Filter>
    </ClCompile>
    <ClCompile Include="Fractal.cpp">
      <Filter>Source Files</Filter>
    </ClCompile>
    <ClCompile Include="GameSound.cpp">
      <Filter>Source Files</Filter>
    </ClCompile>
    <ClCompile Include="GP_Draw.cpp">
      <Filter>Source Files</Filter>
    </ClCompile>
    <ClCompile Include="Graphs.cpp">
      <Filter>Source Files</Filter>
    </ClCompile>
    <ClCompile Include="Groups.cpp">
      <Filter>Source Files</Filter>
    </ClCompile>
    <ClCompile Include="gText.cpp">
      <Filter>Source Files</Filter>
    </ClCompile>
    <ClCompile Include="GVClass.cpp">
      <Filter>Source Files</Filter>
    </ClCompile>
    <ClCompile Include="Hint.cpp">
      <Filter>Source Files</Filter>
    </ClCompile>
    <ClCompile Include="Icontool.cpp">
      <Filter>Source Files</Filter>
    </ClCompile>
    <ClCompile Include="Interface.cpp">
      <Filter>Source Files</Filter>
    </ClCompile>
    <ClCompile Include="Lines.cpp">
      <Filter>Source Files</Filter>
    </ClCompile>
    <ClCompile Include="LoadSave.cpp">
      <Filter>Source Files</Filter>
    </ClCompile>
    <ClCompile Include="mapa.cpp">
      <Filter>Source Files</Filter>
    </ClCompile>
    <ClCompile Include="MapSprites.cpp">
      <Filter>Source Files</Filter>
    </ClCompile>
    <ClCompile Include="Masks.cpp">
      <Filter>Source Files</Filter>
    </ClCompile>
    <ClCompile Include="Megapolis.cpp">
      <Filter>Source Files</Filter>
    </ClCompile>
    <ClCompile Include="menu.cpp">
      <Filter>Source Files</Filter>
    </ClCompile>
    <ClCompile Include="Mine.cpp">
      <Filter>Source Files</Filter>
    </ClCompile>
    <ClCompile Include="Motion.cpp">
      <Filter>Source Files</Filter>
    </ClCompile>
    <ClCompile Include="Mouse_X.cpp">
      <Filter>Source Files</Filter>
    </ClCompile>
    <ClCompile Include="MousZone.cpp">
      <Filter>Source Files</Filter>
    </ClCompile>
    <ClCompile Include="MPlayer.cpp">
      <Filter>Source Files</Filter>
    </ClCompile>
    <ClCompile Include="Multi.cpp">
      <Filter>Source Files</Filter>
    </ClCompile>
    <ClCompile Include="Nation.cpp">
      <Filter>Source Files</Filter>
    </ClCompile>
    <ClCompile Include="Nature.cpp">
      <Filter>Source Files</Filter>
    </ClCompile>
    <ClCompile Include="Navorots.cpp">
      <Filter>Source Files</Filter>
    </ClCompile>
    <ClCompile Include="NewAI.cpp">
      <Filter>Source Files</Filter>
    </ClCompile>
    <ClCompile Include="NewILogin.cpp">
      <Filter>Source Files</Filter>
    </ClCompile>
    <ClCompile Include="NewMon.cpp">
      <Filter>Source Files</Filter>
    </ClCompile>
    <ClCompile Include="NewUpgrade.cpp">
      <Filter>Source Files</Filter>
    </ClCompile>
    <ClCompile Include="Nuclear.cpp">
      <Filter>Source Files</Filter>
    </ClCompile>
    <ClCompile Include="OnWater.cpp">
      <Filter>Source Files</Filter>
    </ClCompile>
    <ClCompile Include="path.cpp">
      <Filter>Source Files</Filter>
    </ClCompile>
    <ClCompile Include="RealWater.cpp">
      <Filter>Source Files</Filter>
    </ClCompile>
    <ClCompile Include="Recorder.cpp">
      <Filter>Source Files</Filter>
    </ClCompile>
    <ClCompile Include="Report.cpp">
      <Filter>Source Files</Filter>
    </ClCompile>
    <ClCompile Include="Resfile.cpp">
      <Filter>Source Files</Filter>
    </ClCompile>
    <ClCompile Include="River.cpp">
      <Filter>Source Files</Filter>
    </ClCompile>
    <ClCompile Include="SafeNet.cpp">
      <Filter>Source Files</Filter>
    </ClCompile>
    <ClCompile Include="SaveNewMap.cpp">
      <Filter>Source Files</Filter>
    </ClCompile>
    <ClCompile Include="Select.cpp">
      <Filter>Source Files</Filter>
    </ClCompile>
    <ClCompile Include="SelProp.cpp">
      <Filter>Source Files</Filter>
    </ClCompile>
    <ClCompile Include="ShipTrace.cpp">
      <Filter>Source Files</Filter>
    </ClCompile>
    <ClCompile Include="StrategyResearch.cpp">
      <Filter>Source Files</Filter>
    </ClCompile>
    <ClCompile Include="stRecog.cpp">
      <Filter>Source Files</Filter>
    </ClCompile>
    <ClCompile Include="Stringshash.cpp">
      <Filter>Source Files</Filter>
    </ClCompile>
    <ClCompile Include="testserver.cpp">
      <Filter>Source Files</Filter>
    </ClCompile>
    <ClCompile Include="Timing.cpp">
      <Filter>Source Files</Filter>
    </ClCompile>
    <ClCompile Include="Tmixer.cpp">
      <Filter>Source Files</Filter>
    </ClCompile>
    <ClCompile Include="TopoGraf.cpp">
      <Filter>Source Files</Filter>
    </ClCompile>
    <ClCompile Include="Transport.cpp">
      <Filter>Source Files</Filter>
    </ClCompile>
    <ClCompile Include="UnRar.cpp">
      <Filter>Source Files</Filter>
    </ClCompile>
    <ClCompile Include="UnSyncro.cpp">
      <Filter>Source Files</Filter>
    </ClCompile>
    <ClCompile Include="Upgrade.cpp">
      <Filter>Source Files</Filter>
    </ClCompile>
    <ClCompile Include="VirtScr.cpp">
      <Filter>Source Files</Filter>
    </ClCompile>
    <ClCompile Include="walls.cpp">
      <Filter>Source Files</Filter>
    </ClCompile>
    <ClCompile Include="Waves.cpp">
      <Filter>Source Files</Filter>
    </ClCompile>
    <ClCompile Include="Weapon.cpp">
      <Filter>Source Files</Filter>
    </ClCompile>
    <ClCompile Include="ZBuffer.cpp">
      <Filter>Source Files</Filter>
    </ClCompile>
    <ClCompile Include="Arc\GSCarch.cpp">
      <Filter>Arc</Filter>
    </ClCompile>
    <ClCompile Include="Arc\GSCset.cpp">
      <Filter>Arc</Filter>
    </ClCompile>
    <ClCompile Include="Arc\isiMasks.cpp">
      <Filter>Arc</Filter>
    </ClCompile>
    <ClCompile Include="HTTP\HttpComm.cpp">
      <Filter>Source Files</Filter>
    </ClCompile>
    <ClCompile Include="NewCode\QueueManagement.cpp">
      <Filter>NewCode</Filter>
    </ClCompile>
    <ClCompile Include="NewCode\SecureDivision.cpp">
      <Filter>NewCode</Filter>
    </ClCompile>
    <ClCompile Include="IR_Main.cpp">
      <Filter>Source Files</Filter>
    </ClCompile>
    <ClCompile Include="NewCode\UdpHolePuncher.cpp">
      <Filter>NewCode</Filter>
    </ClCompile>
    <ClCompile Include="NewCode\MapOptionsEncoder.cpp">
      <Filter>NewCode</Filter>
    </ClCompile>
  </ItemGroup>
  <ItemGroup>
    <ClInclude Include="3DBars.h">
      <Filter>Header Files</Filter>
    </ClInclude>
    <ClInclude Include="3DGraph.h">
      <Filter>Header Files</Filter>
    </ClInclude>
    <ClInclude Include="3dlow.h">
      <Filter>Header Files</Filter>
    </ClInclude>
    <ClInclude Include="3dmaped.h">
      <Filter>Header Files</Filter>
    </ClInclude>
    <ClInclude Include="3drandmap.h">
      <Filter>Header Files</Filter>
    </ClInclude>
    <ClInclude Include="3DSurf.h">
      <Filter>Header Files</Filter>
    </ClInclude>
    <ClInclude Include="Activescenary.h">
      <Filter>Header Files</Filter>
    </ClInclude>
    <ClInclude Include="Activezone.h">
      <Filter>Header Files</Filter>
    </ClInclude>
    <ClInclude Include="Antibug.h">
      <Filter>Header Files</Filter>
    </ClInclude>
    <ClInclude Include="Archtool.h">
      <Filter>Header Files</Filter>
    </ClInclude>
    <ClInclude Include="Bmptool.h">
      <Filter>Header Files</Filter>
    </ClInclude>
    <ClInclude Include="Cdirsnd.h">
      <Filter>Header Files</Filter>
    </ClInclude>
    <ClInclude Include="common.h">
      <Filter>Header Files</Filter>
    </ClInclude>
    <ClInclude Include="Conststr.h">
      <Filter>Header Files</Filter>
    </ClInclude>
    <ClInclude Include="Ctables.h">
      <Filter>Header Files</Filter>
    </ClInclude>
    <ClInclude Include="Curve.h">
      <Filter>Header Files</Filter>
    </ClInclude>
    <ClInclude Include="Cwave.h">
      <Filter>Header Files</Filter>
    </ClInclude>
    <ClInclude Include="Danger.h">
      <Filter>Header Files</Filter>
    </ClInclude>
    <ClInclude Include="Dbgint.h">
      <Filter>Header Files</Filter>
    </ClInclude>
    <ClInclude Include="Ddini.h">
      <Filter>Header Files</Filter>
    </ClInclude>
    <ClInclude Include="Devicecd.h">
      <Filter>Header Files</Filter>
    </ClInclude>
    <ClInclude Include="Dialogs.h">
      <Filter>Header Files</Filter>
    </ClInclude>
    <ClInclude Include="Dpchat.h">
      <Filter>Header Files</Filter>
    </ClInclude>
    <ClInclude Include="Dplay.h">
      <Filter>Header Files</Filter>
    </ClInclude>
    <ClInclude Include="Dplobby.h">
      <Filter>Header Files</Filter>
    </ClInclude>
    <ClInclude Include="Drawform.h">
      <Filter>Header Files</Filter>
    </ClInclude>
    <ClInclude Include="Dsound.h">
      <Filter>Header Files</Filter>
    </ClInclude>
    <ClInclude Include="EinfoClass.h">
      <Filter>Header Files</Filter>
    </ClInclude>
    <ClInclude Include="Event.h">
      <Filter>Header Files</Filter>
    </ClInclude>
    <ClInclude Include="Fastdraw.h">
      <Filter>Header Files</Filter>
    </ClInclude>
    <ClInclude Include="File2.h">
      <Filter>Header Files</Filter>
    </ClInclude>
    <ClInclude Include="Fog.h">
      <Filter>Header Files</Filter>
    </ClInclude>
    <ClInclude Include="Fonts.h">
      <Filter>Header Files</Filter>
    </ClInclude>
    <ClInclude Include="gFile.h">
      <Filter>Header Files</Filter>
    </ClInclude>
    <ClInclude Include="GP_Draw.h">
      <Filter>Header Files</Filter>
    </ClInclude>
    <ClInclude Include="Graphs.h">
      <Filter>Header Files</Filter>
    </ClInclude>
    <ClInclude Include="Gsinc.h">
      <Filter>Header Files</Filter>
    </ClInclude>
    <ClInclude Include="GSound.h">
      <Filter>Header Files</Filter>
    </ClInclude>
    <ClInclude Include="Hash.h">
      <Filter>Header Files</Filter>
    </ClInclude>
    <ClInclude Include="Icons.h">
      <Filter>Header Files</Filter>
    </ClInclude>
    <ClInclude Include="Icontool.h">
      <Filter>Header Files</Filter>
    </ClInclude>
    <ClInclude Include="Ir.h">
      <Filter>Header Files</Filter>
    </ClInclude>
    <ClInclude Include="Lines.h">
      <Filter>Header Files</Filter>
    </ClInclude>
    <ClInclude Include="Loadsave.h">
      <Filter>Header Files</Filter>
    </ClInclude>
    <ClInclude Include="MapDiscr.h">
      <Filter>Header Files</Filter>
    </ClInclude>
    <ClInclude Include="Mapsprites.h">
      <Filter>Header Files</Filter>
    </ClInclude>
    <ClInclude Include="Masks.h">
      <Filter>Header Files</Filter>
    </ClInclude>
    <ClInclude Include="Megapolis.h">
      <Filter>Header Files</Filter>
    </ClInclude>
    <ClInclude Include="Menu.h">
      <Filter>Header Files</Filter>
    </ClInclude>
    <ClInclude Include="Mgraph.h">
      <Filter>Header Files</Filter>
    </ClInclude>
    <ClInclude Include="Mode.h">
      <Filter>Header Files</Filter>
    </ClInclude>
    <ClInclude Include="Mouse.h">
      <Filter>Header Files</Filter>
    </ClInclude>
    <ClInclude Include="Mplayer.h">
      <Filter>Header Files</Filter>
    </ClInclude>
    <ClInclude Include="Multipl.h">
      <Filter>Header Files</Filter>
    </ClInclude>
    <ClInclude Include="Nature.h">
      <Filter>Header Files</Filter>
    </ClInclude>
    <ClInclude Include="Newai.h">
      <Filter>Header Files</Filter>
    </ClInclude>
    <ClInclude Include="NewMon.h">
      <Filter>Header Files</Filter>
    </ClInclude>
    <ClInclude Include="Newupgrade.h">
      <Filter>Header Files</Filter>
    </ClInclude>
    <ClInclude Include="Nonport.h">
      <Filter>Header Files</Filter>
    </ClInclude>
    <ClInclude Include="Nucl.h">
      <Filter>Header Files</Filter>
    </ClInclude>
    <ClInclude Include="Path.h">
      <Filter>Header Files</Filter>
    </ClInclude>
    <ClInclude Include="Pinger.h">
      <Filter>Header Files</Filter>
    </ClInclude>
    <ClInclude Include="Process.h">
      <Filter>Header Files</Filter>
    </ClInclude>
    <ClInclude Include="Realwater.h">
      <Filter>Header Files</Filter>
    </ClInclude>
    <ClInclude Include="Recorder.h">
      <Filter>Header Files</Filter>
    </ClInclude>
    <ClInclude Include="Resfile.h">
      <Filter>Header Files</Filter>
    </ClInclude>
    <ClInclude Include="Resource.h">
      <Filter>Header Files</Filter>
    </ClInclude>
    <ClInclude Include="Safety.h">
      <Filter>Header Files</Filter>
    </ClInclude>
    <ClInclude Include="Sort.h">
      <Filter>Header Files</Filter>
    </ClInclude>
    <ClInclude Include="Stdafx.h">
      <Filter>Header Files</Filter>
    </ClInclude>
    <ClInclude Include="Stdarg.h">
      <Filter>Header Files</Filter>
    </ClInclude>
    <ClInclude Include="Strategyresearch.h">
      <Filter>Header Files</Filter>
    </ClInclude>
    <ClInclude Include="Stringhash.h">
      <Filter>Header Files</Filter>
    </ClInclude>
    <ClInclude Include="Tmixer.h">
      <Filter>Header Files</Filter>
    </ClInclude>
    <ClInclude Include="Tntfileio.h">
      <Filter>Header Files</Filter>
    </ClInclude>
    <ClInclude Include="TopoGraf.h">
      <Filter>Header Files</Filter>
    </ClInclude>
    <ClInclude Include="Transport.h">
      <Filter>Header Files</Filter>
    </ClInclude>
    <ClInclude Include="Unrar.h">
      <Filter>Header Files</Filter>
    </ClInclude>
    <ClInclude Include="UnSyncro.h">
      <Filter>Header Files</Filter>
    </ClInclude>
    <ClInclude Include="Upgrade.h">
      <Filter>Header Files</Filter>
    </ClInclude>
    <ClInclude Include="Virtscreen.h">
      <Filter>Header Files</Filter>
    </ClInclude>
    <ClInclude Include="Wall.h">
      <Filter>Header Files</Filter>
    </ClInclude>
    <ClInclude Include="Walls.h">
      <Filter>Header Files</Filter>
    </ClInclude>
    <ClInclude Include="Weaponid.h">
      <Filter>Header Files</Filter>
    </ClInclude>
    <ClInclude Include="Zbuffer.h">
      <Filter>Header Files</Filter>
    </ClInclude>
    <ClInclude Include="Arc\GSCarch.h">
      <Filter>Header Files</Filter>
    </ClInclude>
    <ClInclude Include="Arc\Gscset.h">
      <Filter>Header Files</Filter>
    </ClInclude>
    <ClInclude Include="Arc\GSCtypes.h">
      <Filter>Header Files</Filter>
    </ClInclude>
    <ClInclude Include="CEngine\Goaceng.h">
      <Filter>Header Files</Filter>
    </ClInclude>
    <ClInclude Include="Chat\Chat.h">
      <Filter>Header Files</Filter>
    </ClInclude>
    <ClInclude Include="Dialogs\InitFonts.h">
      <Filter>Header Files</Filter>
    </ClInclude>
    <ClInclude Include="queryreporting\Gqueryreporting.h">
      <Filter>Header Files</Filter>
    </ClInclude>
    <ClInclude Include="Arc\Isimasks.h">
      <Filter>Arc</Filter>
    </ClInclude>
    <ClInclude Include="HTTP\HttpComm.h">
      <Filter>Header Files</Filter>
    </ClInclude>
    <ClInclude Include="PlayerInfo.h">
      <Filter>Header Files</Filter>
    </ClInclude>
    <ClInclude Include="CommCore.h">
      <Filter>Header Files</Filter>
    </ClInclude>
    <ClInclude Include="NewCode\UdpHolePuncher.h">
      <Filter>NewCode</Filter>
    </ClInclude>
  </ItemGroup>
  <ItemGroup>
    <Library Include="..\Temp\CommCore.lib">
      <Filter>Libraries</Filter>
    </Library>
    <Library Include="libraries\Ddraw.lib">
      <Filter>Libraries</Filter>
    </Library>
    <Library Include="libraries\dplayx.lib">
      <Filter>Libraries</Filter>
    </Library>
    <Library Include="libraries\dsound.lib">
      <Filter>Libraries</Filter>
    </Library>
    <Library Include="..\Temp\IChat.lib">
      <Filter>Libraries</Filter>
    </Library>
    <Library Include="libraries\Pinger.lib">
      <Filter>Libraries</Filter>
    </Library>
    <Library Include="libraries\ProTest.lib">
      <Filter>Libraries</Filter>
    </Library>
    <Library Include="libraries\tntFileIO.lib">
      <Filter>Libraries</Filter>
    </Library>
    <Library Include="libraries\Winmm.lib">
      <Filter>Libraries</Filter>
    </Library>
  </ItemGroup>
  <ItemGroup>
    <ResourceCompile Include="Script1.rc">
      <Filter>Resource Files</Filter>
    </ResourceCompile>
  </ItemGroup>
</Project>