<?xml version="1.0" encoding="utf-8"?>
<Project ToolsVersion="4.0" xmlns="http://schemas.microsoft.com/developer/msbuild/2003">
  <ItemGroup>
    <Filter Include="Source Files">
      <UniqueIdentifier>{4FC737F1-C7A5-4376-A066-2A32D752A2FF}</UniqueIdentifier>
      <Extensions>cpp;c;cc;cxx;def;odl;idl;hpj;bat;asm;asmx</Extensions>
    </Filter>
    <Filter Include="Header Files">
      <UniqueIdentifier>{93995380-89BD-4b04-88EB-625FBE52EBFB}</UniqueIdentifier>
      <Extensions>h;hh;hpp;hxx;hm;inl;inc;xsd</Extensions>
    </Filter>
    <Filter Include="Resource Files">
      <UniqueIdentifier>{67DA6AB6-F800-4c08-8B7A-83BB121AAD01}</UniqueIdentifier>
      <Extensions>rc;ico;cur;bmp;dlg;rc2;rct;bin;rgs;gif;jpg;jpeg;jpe;resx;tiff;tif;png;wav;mfcribbon-ms</Extensions>
    </Filter>
    <Filter Include="Chat">
      <UniqueIdentifier>{db312b86-8d43-44a7-afd6-44a19d014870}</UniqueIdentifier>
    </Filter>
  </ItemGroup>
  <ItemGroup>
    <ClCompile Include="cs_chat.cpp">
      <Filter>Source Files</Filter>
    </ClCompile>
    <ClCompile Include="GSC_ChatWindow.cpp">
      <Filter>Source Files</Filter>
    </ClCompile>
    <ClCompile Include="IChat.cpp">
      <Filter>Source Files</Filter>
    </ClCompile>
    <ClCompile Include="StdAfx.cpp">
      <Filter>Source Files</Filter>
    </ClCompile>
    <ClCompile Include="..\IntExplorer library\ParseRQ.cpp">
      <Filter>Source Files</Filter>
    </ClCompile>
    <ClCompile Include="darray.c">
      <Filter>Chat</Filter>
    </ClCompile>
    <ClCompile Include="hashtable.c">
      <Filter>Chat</Filter>
    </ClCompile>
    <ClCompile Include="md5c.c">
      <Filter>Chat</Filter>
    </ClCompile>
    <ClCompile Include="nonport.c">
      <Filter>Chat</Filter>
    </ClCompile>
    <ClCompile Include="Chat\chatCallbacks.c">
      <Filter>Chat</Filter>
    </ClCompile>
    <ClCompile Include="Chat\chatChannel.c">
      <Filter>Chat</Filter>
    </ClCompile>
    <ClCompile Include="Chat\chatHandlers.c">
      <Filter>Chat</Filter>
    </ClCompile>
    <ClCompile Include="Chat\chatMain.c">
      <Filter>Chat</Filter>
    </ClCompile>
    <ClCompile Include="Chat\chatSocket.c">
      <Filter>Chat</Filter>
    </ClCompile>
  </ItemGroup>
  <ItemGroup>
    <ClInclude Include="cs_chat.h">
      <Filter>Header Files</Filter>
    </ClInclude>
    <ClInclude Include="StdAfx.h">
      <Filter>Header Files</Filter>
    </ClInclude>
    <ClInclude Include="..\IntExplorer library\ParseRQ.h">
      <Filter>Header Files</Filter>
    </ClInclude>
    <ClInclude Include="darray.h">
      <Filter>Chat</Filter>
    </ClInclude>
    <ClInclude Include="hashtable.h">
      <Filter>Chat</Filter>
    </ClInclude>
    <ClInclude Include="md5.h">
      <Filter>Chat</Filter>
    </ClInclude>
    <ClInclude Include="nonport.h">
      <Filter>Chat</Filter>
    </ClInclude>
    <ClInclude Include="Chat\chat.h">
      <Filter>Chat</Filter>
    </ClInclude>
    <ClInclude Include="Chat\chatCallbacks.h">
      <Filter>Chat</Filter>
    </ClInclude>
    <ClInclude Include="Chat\chatChannel.h">
      <Filter>Chat</Filter>
    </ClInclude>
    <ClInclude Include="Chat\chatHandlers.h">
      <Filter>Chat</Filter>
    </ClInclude>
    <ClInclude Include="Chat\chatMain.h">
      <Filter>Chat</Filter>
    </ClInclude>
    <ClInclude Include="Chat\chatSocket.h">
      <Filter>Chat</Filter>
    </ClInclude>
  </ItemGroup>
  <ItemGroup>
    <Library Include="..\Temp\dmcr.lib" />
  </ItemGroup>
</Project>